
Microsoft Visual Studio Solution File, Format Version 12.00
# Visual Studio 14
VisualStudioVersion = 14.0.25123.0
MinimumVisualStudioVersion = 10.0.40219.1
Project("{FAE04EC0-301F-11D3-BF4B-00C04F79EFBC}") = "ConsistentValidation.Umb", "ConsistentValidation.Umb\ConsistentValidation.Umb.csproj", "{B2EAF990-8B93-471A-A0B8-0E0EA1D9E5D6}"
EndProject
Project("{FAE04EC0-301F-11D3-BF4B-00C04F79EFBC}") = "ConsistentValidation", "..\..\..\ConsistentValidation\Src\ConsistentValidation\ConsistentValidation\ConsistentValidation.csproj", "{E729014E-FD86-4E77-8BC7-2C78328F1735}"
EndProject
Project("{FAE04EC0-301F-11D3-BF4B-00C04F79EFBC}") = "ConsistentValidation.Mvc", "..\..\..\ConsistentValidation\Src\ConsistentValidation\ConsistentValidation.Mvc\ConsistentValidation.Mvc.csproj", "{E0142484-C479-43E6-9E6A-22E2EB3CBDA3}"
EndProject
Global
	GlobalSection(SolutionConfigurationPlatforms) = preSolution
		Debug|Any CPU = Debug|Any CPU
		Release|Any CPU = Release|Any CPU
	EndGlobalSection
	GlobalSection(ProjectConfigurationPlatforms) = postSolution
		{B2EAF990-8B93-471A-A0B8-0E0EA1D9E5D6}.Debug|Any CPU.ActiveCfg = Debug|Any CPU
		{B2EAF990-8B93-471A-A0B8-0E0EA1D9E5D6}.Debug|Any CPU.Build.0 = Debug|Any CPU
		{B2EAF990-8B93-471A-A0B8-0E0EA1D9E5D6}.Release|Any CPU.ActiveCfg = Release|Any CPU
		{B2EAF990-8B93-471A-A0B8-0E0EA1D9E5D6}.Release|Any CPU.Build.0 = Release|Any CPU
		{E729014E-FD86-4E77-8BC7-2C78328F1735}.Debug|Any CPU.ActiveCfg = Debug|Any CPU
		{E729014E-FD86-4E77-8BC7-2C78328F1735}.Debug|Any CPU.Build.0 = Debug|Any CPU
		{E729014E-FD86-4E77-8BC7-2C78328F1735}.Release|Any CPU.ActiveCfg = Release|Any CPU
		{E729014E-FD86-4E77-8BC7-2C78328F1735}.Release|Any CPU.Build.0 = Release|Any CPU
		{E0142484-C479-43E6-9E6A-22E2EB3CBDA3}.Debug|Any CPU.ActiveCfg = Debug|Any CPU
		{E0142484-C479-43E6-9E6A-22E2EB3CBDA3}.Debug|Any CPU.Build.0 = Debug|Any CPU
		{E0142484-C479-43E6-9E6A-22E2EB3CBDA3}.Release|Any CPU.ActiveCfg = Release|Any CPU
		{E0142484-C479-43E6-9E6A-22E2EB3CBDA3}.Release|Any CPU.Build.0 = Release|Any CPU
	EndGlobalSection
	GlobalSection(SolutionProperties) = preSolution
		HideSolutionNode = FALSE
	EndGlobalSection
EndGlobal
